
Microsoft Visual Studio Solution File, Format Version 12.00
# Visual Studio 14
VisualStudioVersion = 14.0.25420.1
MinimumVisualStudioVersion = 10.0.40219.1
Project("{FAE04EC0-301F-11D3-BF4B-00C04F79EFBC}") = "CapaDatos", "CapaDatos\CapaDatos.csproj", "{492FF542-BD6B-4140-BD1C-D9C44AEFF6A5}"
EndProject
Project("{FAE04EC0-301F-11D3-BF4B-00C04F79EFBC}") = "CapaLogica", "CapaLogica\CapaLogica.csproj", "{0EF54AFA-14C6-414F-A84D-86B7C88336CD}"
EndProject
Project("{FAE04EC0-301F-11D3-BF4B-00C04F79EFBC}") = "CapaVisualizacion", "CapaVisualizacion\CapaVisualizacion.csproj", "{6BC45963-EA0A-4D4D-96D7-8DE803F73D2C}"
EndProject
Global
	GlobalSection(SolutionConfigurationPlatforms) = preSolution
		Debug|Any CPU = Debug|Any CPU
		Release|Any CPU = Release|Any CPU
	EndGlobalSection
	GlobalSection(ProjectConfigurationPlatforms) = postSolution
		{492FF542-BD6B-4140-BD1C-D9C44AEFF6A5}.Debug|Any CPU.ActiveCfg = Debug|Any CPU
		{492FF542-BD6B-4140-BD1C-D9C44AEFF6A5}.Debug|Any CPU.Build.0 = Debug|Any CPU
		{492FF542-BD6B-4140-BD1C-D9C44AEFF6A5}.Release|Any CPU.ActiveCfg = Release|Any CPU
		{492FF542-BD6B-4140-BD1C-D9C44AEFF6A5}.Release|Any CPU.Build.0 = Release|Any CPU
		{0EF54AFA-14C6-414F-A84D-86B7C88336CD}.Debug|Any CPU.ActiveCfg = Debug|Any CPU
		{0EF54AFA-14C6-414F-A84D-86B7C88336CD}.Debug|Any CPU.Build.0 = Debug|Any CPU
		{0EF54AFA-14C6-414F-A84D-86B7C88336CD}.Release|Any CPU.ActiveCfg = Release|Any CPU
		{0EF54AFA-14C6-414F-A84D-86B7C88336CD}.Release|Any CPU.Build.0 = Release|Any CPU
		{6BC45963-EA0A-4D4D-96D7-8DE803F73D2C}.Debug|Any CPU.ActiveCfg = Debug|Any CPU
		{6BC45963-EA0A-4D4D-96D7-8DE803F73D2C}.Debug|Any CPU.Build.0 = Debug|Any CPU
		{6BC45963-EA0A-4D4D-96D7-8DE803F73D2C}.Release|Any CPU.ActiveCfg = Release|Any CPU
		{6BC45963-EA0A-4D4D-96D7-8DE803F73D2C}.Release|Any CPU.Build.0 = Release|Any CPU
	EndGlobalSection
	GlobalSection(SolutionProperties) = preSolution
		HideSolutionNode = FALSE
	EndGlobalSection
EndGlobal
